{
  "name": "wello",
  "requires": true,
  "lockfileVersion": 1,
  "dependencies": {
    "date-fns": {
      "version": "2.0.0-alpha.7",
      "resolved": "https://registry.npmjs.org/date-fns/-/date-fns-2.0.0-alpha.7.tgz",
      "integrity": "sha1-JFrRb5V2Tqur+ywKQf1dAzwg5Xo="
    },
    "diacriticless": {
      "version": "1.0.1",
      "resolved": "https://registry.npmjs.org/diacriticless/-/diacriticless-1.0.1.tgz",
      "integrity": "sha1-592peMKRlgm7SK7h78XeajN71MM="
    },
    "lodash.assign": {
      "version": "4.2.0",
      "resolved": "https://registry.npmjs.org/lodash.assign/-/lodash.assign-4.2.0.tgz",
      "integrity": "sha1-DZnzzNem0mHRm9rrkkUAXShYCOc="
    },
    "lodash.clone": {
      "version": "4.5.0",
      "resolved": "https://registry.npmjs.org/lodash.clone/-/lodash.clone-4.5.0.tgz",
      "integrity": "sha1-GVhwRQ9aExkkeN9Lw9I9LeoZB7Y="
    },
    "lodash.clonedeep": {
      "version": "4.5.0",
      "resolved": "https://registry.npmjs.org/lodash.clonedeep/-/lodash.clonedeep-4.5.0.tgz",
      "integrity": "sha1-4j8/nE+Pvd6HJSnBBxhXoIblzO8="
    },
    "lodash.filter": {
      "version": "4.6.0",
      "resolved": "https://registry.npmjs.org/lodash.filter/-/lodash.filter-4.6.0.tgz",
      "integrity": "sha1-ZosdSYFgOuHMWm+nYBQ+SAtMSs4="
    },
    "lodash.foreach": {
      "version": "4.5.0",
      "resolved": "https://registry.npmjs.org/lodash.foreach/-/lodash.foreach-4.5.0.tgz",
      "integrity": "sha1-Gmo16s5AEoDH8G3d7DUWWrJ+PlM="
    },
    "vue-good-table": {
      "version": "2.6.2",
      "resolved": "https://registry.npmjs.org/vue-good-table/-/vue-good-table-2.6.2.tgz",
      "integrity": "sha512-NCWHWxLTpPhOFf977Wy7w4dScQ6B49ooTchgG5OrtGtUAoYCSO/ONi09Dpv8t+3PgLsc3iZjTpl9poOn8MsCjg==",
      "requires": {
        "date-fns": "2.0.0-alpha.7",
        "diacriticless": "1.0.1",
        "lodash.assign": "4.2.0",
        "lodash.clone": "4.5.0",
        "lodash.clonedeep": "4.5.0",
        "lodash.filter": "4.6.0",
        "lodash.foreach": "4.5.0"
      }
    }
  }
}
